// !$*UTF8*$!
{
	archiveVersion = 1;
	classes = {
	};
	objectVersion = 55;
	objects = {

/* Begin PBXBuildFile section */
		A66F2BBA2896BC1A00C6AB3E /* ContentView.swift in Sources */ = {isa = PBXBuildFile; fileRef = A66F2BB92896BC1A00C6AB3E /* ContentView.swift */; };
		A66F2BBC2896BC7700C6AB3E /* PostView.swift in Sources */ = {isa = PBXBuildFile; fileRef = A66F2BBB2896BC7700C6AB3E /* PostView.swift */; };
		A66F2BBE2896BCB200C6AB3E /* MypageView.swift in Sources */ = {isa = PBXBuildFile; fileRef = A66F2BBD2896BCB200C6AB3E /* MypageView.swift */; };
		A66F2BC02896CB2F00C6AB3E /* breakfastView.swift in Sources */ = {isa = PBXBuildFile; fileRef = A66F2BBF2896CB2F00C6AB3E /* breakfastView.swift */; };
		A6D4419928927EBD0084AF8A /* ArambyeolApp.swift in Sources */ = {isa = PBXBuildFile; fileRef = A6D4419828927EBD0084AF8A /* ArambyeolApp.swift */; };
		A6D4419D28927EBE0084AF8A /* Assets.xcassets in Resources */ = {isa = PBXBuildFile; fileRef = A6D4419C28927EBE0084AF8A /* Assets.xcassets */; };
		A6D441A028927EBE0084AF8A /* Preview Assets.xcassets in Resources */ = {isa = PBXBuildFile; fileRef = A6D4419F28927EBE0084AF8A /* Preview Assets.xcassets */; };
		A6D441A228927EBE0084AF8A /* Persistence.swift in Sources */ = {isa = PBXBuildFile; fileRef = A6D441A128927EBE0084AF8A /* Persistence.swift */; };
		A6D441A528927EBE0084AF8A /* Arambyeol.xcdatamodeld in Sources */ = {isa = PBXBuildFile; fileRef = A6D441A328927EBE0084AF8A /* Arambyeol.xcdatamodeld */; };
		A6D441AF28927EBE0084AF8A /* ArambyeolTests.swift in Sources */ = {isa = PBXBuildFile; fileRef = A6D441AE28927EBE0084AF8A /* ArambyeolTests.swift */; };
		A6D441B928927EBE0084AF8A /* ArambyeolUITests.swift in Sources */ = {isa = PBXBuildFile; fileRef = A6D441B828927EBE0084AF8A /* ArambyeolUITests.swift */; };
		A6D441BB28927EBE0084AF8A /* ArambyeolUITestsLaunchTests.swift in Sources */ = {isa = PBXBuildFile; fileRef = A6D441BA28927EBE0084AF8A /* ArambyeolUITestsLaunchTests.swift */; };
		A6D441C8289283030084AF8A /* MainSwiftUIView.swift in Sources */ = {isa = PBXBuildFile; fileRef = A6D441C7289283030084AF8A /* MainSwiftUIView.swift */; };
/* End PBXBuildFile section */

/* Begin PBXContainerItemProxy section */
		A6D441AB28927EBE0084AF8A /* PBXContainerItemProxy */ = {
			isa = PBXContainerItemProxy;
			containerPortal = A6D4418D28927EBD0084AF8A /* Project object */;
			proxyType = 1;
			remoteGlobalIDString = A6D4419428927EBD0084AF8A;
			remoteInfo = Arambyeol;
		};
		A6D441B528927EBE0084AF8A /* PBXContainerItemProxy */ = {
			isa = PBXContainerItemProxy;
			containerPortal = A6D4418D28927EBD0084AF8A /* Project object */;
			proxyType = 1;
			remoteGlobalIDString = A6D4419428927EBD0084AF8A;
			remoteInfo = Arambyeol;
		};
/* End PBXContainerItemProxy section */

/* Begin PBXFileReference section */
		A66F2BB92896BC1A00C6AB3E /* ContentView.swift */ = {isa = PBXFileReference; lastKnownFileType = sourcecode.swift; path = ContentView.swift; sourceTree = "<group>"; };
		A66F2BBB2896BC7700C6AB3E /* PostView.swift */ = {isa = PBXFileReference; lastKnownFileType = sourcecode.swift; path = PostView.swift; sourceTree = "<group>"; };
		A66F2BBD2896BCB200C6AB3E /* MypageView.swift */ = {isa = PBXFileReference; lastKnownFileType = sourcecode.swift; path = MypageView.swift; sourceTree = "<group>"; };
		A66F2BBF2896CB2F00C6AB3E /* breakfastView.swift */ = {isa = PBXFileReference; lastKnownFileType = sourcecode.swift; path = breakfastView.swift; sourceTree = "<group>"; };
		A6D4419528927EBD0084AF8A /* Arambyeol.app */ = {isa = PBXFileReference; explicitFileType = wrapper.application; includeInIndex = 0; path = Arambyeol.app; sourceTree = BUILT_PRODUCTS_DIR; };
		A6D4419828927EBD0084AF8A /* ArambyeolApp.swift */ = {isa = PBXFileReference; lastKnownFileType = sourcecode.swift; path = ArambyeolApp.swift; sourceTree = "<group>"; };
		A6D4419C28927EBE0084AF8A /* Assets.xcassets */ = {isa = PBXFileReference; lastKnownFileType = folder.assetcatalog; path = Assets.xcassets; sourceTree = "<group>"; };
		A6D4419F28927EBE0084AF8A /* Preview Assets.xcassets */ = {isa = PBXFileReference; lastKnownFileType = folder.assetcatalog; path = "Preview Assets.xcassets"; sourceTree = "<group>"; };
		A6D441A128927EBE0084AF8A /* Persistence.swift */ = {isa = PBXFileReference; lastKnownFileType = sourcecode.swift; path = Persistence.swift; sourceTree = "<group>"; };
		A6D441A428927EBE0084AF8A /* Arambyeol.xcdatamodel */ = {isa = PBXFileReference; lastKnownFileType = wrapper.xcdatamodel; path = Arambyeol.xcdatamodel; sourceTree = "<group>"; };
		A6D441AA28927EBE0084AF8A /* ArambyeolTests.xctest */ = {isa = PBXFileReference; explicitFileType = wrapper.cfbundle; includeInIndex = 0; path = ArambyeolTests.xctest; sourceTree = BUILT_PRODUCTS_DIR; };
		A6D441AE28927EBE0084AF8A /* ArambyeolTests.swift */ = {isa = PBXFileReference; lastKnownFileType = sourcecode.swift; path = ArambyeolTests.swift; sourceTree = "<group>"; };
		A6D441B428927EBE0084AF8A /* ArambyeolUITests.xctest */ = {isa = PBXFileReference; explicitFileType = wrapper.cfbundle; includeInIndex = 0; path = ArambyeolUITests.xctest; sourceTree = BUILT_PRODUCTS_DIR; };
		A6D441B828927EBE0084AF8A /* ArambyeolUITests.swift */ = {isa = PBXFileReference; lastKnownFileType = sourcecode.swift; path = ArambyeolUITests.swift; sourceTree = "<group>"; };
		A6D441BA28927EBE0084AF8A /* ArambyeolUITestsLaunchTests.swift */ = {isa = PBXFileReference; lastKnownFileType = sourcecode.swift; path = ArambyeolUITestsLaunchTests.swift; sourceTree = "<group>"; };
		A6D441C7289283030084AF8A /* MainSwiftUIView.swift */ = {isa = PBXFileReference; lastKnownFileType = sourcecode.swift; path = MainSwiftUIView.swift; sourceTree = "<group>"; };
/* End PBXFileReference section */

/* Begin PBXFrameworksBuildPhase section */
		A6D4419228927EBD0084AF8A /* Frameworks */ = {
			isa = PBXFrameworksBuildPhase;
			buildActionMask = 2147483647;
			files = (
			);
			runOnlyForDeploymentPostprocessing = 0;
		};
		A6D441A728927EBE0084AF8A /* Frameworks */ = {
			isa = PBXFrameworksBuildPhase;
			buildActionMask = 2147483647;
			files = (
			);
			runOnlyForDeploymentPostprocessing = 0;
		};
		A6D441B128927EBE0084AF8A /* Frameworks */ = {
			isa = PBXFrameworksBuildPhase;
			buildActionMask = 2147483647;
			files = (
			);
			runOnlyForDeploymentPostprocessing = 0;
		};
/* End PBXFrameworksBuildPhase section */

/* Begin PBXGroup section */
		A6D4418C28927EBD0084AF8A = {
			isa = PBXGroup;
			children = (
				A6D4419728927EBD0084AF8A /* Arambyeol */,
				A6D441AD28927EBE0084AF8A /* ArambyeolTests */,
				A6D441B728927EBE0084AF8A /* ArambyeolUITests */,
				A6D4419628927EBD0084AF8A /* Products */,
			);
			sourceTree = "<group>";
		};
		A6D4419628927EBD0084AF8A /* Products */ = {
			isa = PBXGroup;
			children = (
				A6D4419528927EBD0084AF8A /* Arambyeol.app */,
				A6D441AA28927EBE0084AF8A /* ArambyeolTests.xctest */,
				A6D441B428927EBE0084AF8A /* ArambyeolUITests.xctest */,
			);
			name = Products;
			sourceTree = "<group>";
		};
		A6D4419728927EBD0084AF8A /* Arambyeol */ = {
			isa = PBXGroup;
			children = (
				A6D4419828927EBD0084AF8A /* ArambyeolApp.swift */,
				A6D4419C28927EBE0084AF8A /* Assets.xcassets */,
				A6D441A128927EBE0084AF8A /* Persistence.swift */,
				A66F2BB92896BC1A00C6AB3E /* ContentView.swift */,
				A6D441A328927EBE0084AF8A /* Arambyeol.xcdatamodeld */,
				A6D4419E28927EBE0084AF8A /* Preview Content */,
			);
			path = Arambyeol;
			sourceTree = "<group>";
		};
		A6D4419E28927EBE0084AF8A /* Preview Content */ = {
			isa = PBXGroup;
			children = (
				A6D4419F28927EBE0084AF8A /* Preview Assets.xcassets */,
				A6D441C7289283030084AF8A /* MainSwiftUIView.swift */,
				A66F2BBB2896BC7700C6AB3E /* PostView.swift */,
				A66F2BBD2896BCB200C6AB3E /* MypageView.swift */,
				A66F2BBF2896CB2F00C6AB3E /* breakfastView.swift */,
			);
			path = "Preview Content";
			sourceTree = "<group>";
		};
		A6D441AD28927EBE0084AF8A /* ArambyeolTests */ = {
			isa = PBXGroup;
			children = (
				A6D441AE28927EBE0084AF8A /* ArambyeolTests.swift */,
			);
			path = ArambyeolTests;
			sourceTree = "<group>";
		};
		A6D441B728927EBE0084AF8A /* ArambyeolUITests */ = {
			isa = PBXGroup;
			children = (
				A6D441B828927EBE0084AF8A /* ArambyeolUITests.swift */,
				A6D441BA28927EBE0084AF8A /* ArambyeolUITestsLaunchTests.swift */,
			);
			path = ArambyeolUITests;
			sourceTree = "<group>";
		};
/* End PBXGroup section */

/* Begin PBXNativeTarget section */
		A6D4419428927EBD0084AF8A /* Arambyeol */ = {
			isa = PBXNativeTarget;
			buildConfigurationList = A6D441BE28927EBE0084AF8A /* Build configuration list for PBXNativeTarget "Arambyeol" */;
			buildPhases = (
				A6D4419128927EBD0084AF8A /* Sources */,
				A6D4419228927EBD0084AF8A /* Frameworks */,
				A6D4419328927EBD0084AF8A /* Resources */,
			);
			buildRules = (
			);
			dependencies = (
			);
			name = Arambyeol;
			productName = Arambyeol;
			productReference = A6D4419528927EBD0084AF8A /* Arambyeol.app */;
			productType = "com.apple.product-type.application";
		};
		A6D441A928927EBE0084AF8A /* ArambyeolTests */ = {
			isa = PBXNativeTarget;
			buildConfigurationList = A6D441C128927EBE0084AF8A /* Build configuration list for PBXNativeTarget "ArambyeolTests" */;
			buildPhases = (
				A6D441A628927EBE0084AF8A /* Sources */,
				A6D441A728927EBE0084AF8A /* Frameworks */,
				A6D441A828927EBE0084AF8A /* Resources */,
			);
			buildRules = (
			);
			dependencies = (
				A6D441AC28927EBE0084AF8A /* PBXTargetDependency */,
			);
			name = ArambyeolTests;
			productName = ArambyeolTests;
			productReference = A6D441AA28927EBE0084AF8A /* ArambyeolTests.xctest */;
			productType = "com.apple.product-type.bundle.unit-test";
		};
		A6D441B328927EBE0084AF8A /* ArambyeolUITests */ = {
			isa = PBXNativeTarget;
			buildConfigurationList = A6D441C428927EBE0084AF8A /* Build configuration list for PBXNativeTarget "ArambyeolUITests" */;
			buildPhases = (
				A6D441B028927EBE0084AF8A /* Sources */,
				A6D441B128927EBE0084AF8A /* Frameworks */,
				A6D441B228927EBE0084AF8A /* Resources */,
			);
			buildRules = (
			);
			dependencies = (
				A6D441B628927EBE0084AF8A /* PBXTargetDependency */,
			);
			name = ArambyeolUITests;
			productName = ArambyeolUITests;
			productReference = A6D441B428927EBE0084AF8A /* ArambyeolUITests.xctest */;
			productType = "com.apple.product-type.bundle.ui-testing";
		};
/* End PBXNativeTarget section */

/* Begin PBXProject section */
		A6D4418D28927EBD0084AF8A /* Project object */ = {
			isa = PBXProject;
			attributes = {
				BuildIndependentTargetsInParallel = 1;
				LastSwiftUpdateCheck = 1330;
				LastUpgradeCheck = 1330;
				TargetAttributes = {
					A6D4419428927EBD0084AF8A = {
						CreatedOnToolsVersion = 13.3.1;
					};
					A6D441A928927EBE0084AF8A = {
						CreatedOnToolsVersion = 13.3.1;
						TestTargetID = A6D4419428927EBD0084AF8A;
					};
					A6D441B328927EBE0084AF8A = {
						CreatedOnToolsVersion = 13.3.1;
						TestTargetID = A6D4419428927EBD0084AF8A;
					};
				};
			};
			buildConfigurationList = A6D4419028927EBD0084AF8A /* Build configuration list for PBXProject "Arambyeol" */;
			compatibilityVersion = "Xcode 13.0";
			developmentRegion = en;
			hasScannedForEncodings = 0;
			knownRegions = (
				en,
				Base,
			);
			mainGroup = A6D4418C28927EBD0084AF8A;
			productRefGroup = A6D4419628927EBD0084AF8A /* Products */;
			projectDirPath = "";
			projectRoot = "";
			targets = (
				A6D4419428927EBD0084AF8A /* Arambyeol */,
				A6D441A928927EBE0084AF8A /* ArambyeolTests */,
				A6D441B328927EBE0084AF8A /* ArambyeolUITests */,
			);
		};
/* End PBXProject section */

/* Begin PBXResourcesBuildPhase section */
		A6D4419328927EBD0084AF8A /* Resources */ = {
			isa = PBXResourcesBuildPhase;
			buildActionMask = 2147483647;
			files = (
				A6D441A028927EBE0084AF8A /* Preview Assets.xcassets in Resources */,
				A6D4419D28927EBE0084AF8A /* Assets.xcassets in Resources */,
			);
			runOnlyForDeploymentPostprocessing = 0;
		};
		A6D441A828927EBE0084AF8A /* Resources */ = {
			isa = PBXResourcesBuildPhase;
			buildActionMask = 2147483647;
			files = (
			);
			runOnlyForDeploymentPostprocessing = 0;
		};
		A6D441B228927EBE0084AF8A /* Resources */ = {
			isa = PBXResourcesBuildPhase;
			buildActionMask = 2147483647;
			files = (
			);
			runOnlyForDeploymentPostprocessing = 0;
		};
/* End PBXResourcesBuildPhase section */

/* Begin PBXSourcesBuildPhase section */
		A6D4419128927EBD0084AF8A /* Sources */ = {
			isa = PBXSourcesBuildPhase;
			buildActionMask = 2147483647;
			files = (
				A6D441A228927EBE0084AF8A /* Persistence.swift in Sources */,
				A66F2BBA2896BC1A00C6AB3E /* ContentView.swift in Sources */,
				A66F2BBE2896BCB200C6AB3E /* MypageView.swift in Sources */,
				A6D441A528927EBE0084AF8A /* Arambyeol.xcdatamodeld in Sources */,
				A66F2BC02896CB2F00C6AB3E /* breakfastView.swift in Sources */,
				A6D4419928927EBD0084AF8A /* ArambyeolApp.swift in Sources */,
				A66F2BBC2896BC7700C6AB3E /* PostView.swift in Sources */,
				A6D441C8289283030084AF8A /* MainSwiftUIView.swift in Sources */,
			);
			runOnlyForDeploymentPostprocessing = 0;
		};
		A6D441A628927EBE0084AF8A /* Sources */ = {
			isa = PBXSourcesBuildPhase;
			buildActionMask = 2147483647;
			files = (
				A6D441AF28927EBE0084AF8A /* ArambyeolTests.swift in Sources */,
			);
			runOnlyForDeploymentPostprocessing = 0;
		};
		A6D441B028927EBE0084AF8A /* Sources */ = {
			isa = PBXSourcesBuildPhase;
			buildActionMask = 2147483647;
			files = (
				A6D441B928927EBE0084AF8A /* ArambyeolUITests.swift in Sources */,
				A6D441BB28927EBE0084AF8A /* ArambyeolUITestsLaunchTests.swift in Sources */,
			);
			runOnlyForDeploymentPostprocessing = 0;
		};
/* End PBXSourcesBuildPhase section */

/* Begin PBXTargetDependency section */
		A6D441AC28927EBE0084AF8A /* PBXTargetDependency */ = {
			isa = PBXTargetDependency;
			target = A6D4419428927EBD0084AF8A /* Arambyeol */;
			targetProxy = A6D441AB28927EBE0084AF8A /* PBXContainerItemProxy */;
		};
		A6D441B628927EBE0084AF8A /* PBXTargetDependency */ = {
			isa = PBXTargetDependency;
			target = A6D4419428927EBD0084AF8A /* Arambyeol */;
			targetProxy = A6D441B528927EBE0084AF8A /* PBXContainerItemProxy */;
		};
/* End PBXTargetDependency section */

/* Begin XCBuildConfiguration section */
		A6D441BC28927EBE0084AF8A /* Debug */ = {
			isa = XCBuildConfiguration;
			buildSettings = {
				ALWAYS_SEARCH_USER_PATHS = NO;
				CLANG_ANALYZER_NONNULL = YES;
				CLANG_ANALYZER_NUMBER_OBJECT_CONVERSION = YES_AGGRESSIVE;
				CLANG_CXX_LANGUAGE_STANDARD = "gnu++17";
				CLANG_ENABLE_MODULES = YES;
				CLANG_ENABLE_OBJC_ARC = YES;
				CLANG_ENABLE_OBJC_WEAK = YES;
				CLANG_WARN_BLOCK_CAPTURE_AUTORELEASING = YES;
				CLANG_WARN_BOOL_CONVERSION = YES;
				CLANG_WARN_COMMA = YES;
				CLANG_WARN_CONSTANT_CONVERSION = YES;
				CLANG_WARN_DEPRECATED_OBJC_IMPLEMENTATIONS = YES;
				CLANG_WARN_DIRECT_OBJC_ISA_USAGE = YES_ERROR;
				CLANG_WARN_DOCUMENTATION_COMMENTS = YES;
				CLANG_WARN_EMPTY_BODY = YES;
				CLANG_WARN_ENUM_CONVERSION = YES;
				CLANG_WARN_INFINITE_RECURSION = YES;
				CLANG_WARN_INT_CONVERSION = YES;
				CLANG_WARN_NON_LITERAL_NULL_CONVERSION = YES;
				CLANG_WARN_OBJC_IMPLICIT_RETAIN_SELF = YES;
				CLANG_WARN_OBJC_LITERAL_CONVERSION = YES;
				CLANG_WARN_OBJC_ROOT_CLASS = YES_ERROR;
				CLANG_WARN_QUOTED_INCLUDE_IN_FRAMEWORK_HEADER = YES;
				CLANG_WARN_RANGE_LOOP_ANALYSIS = YES;
				CLANG_WARN_STRICT_PROTOTYPES = YES;
				CLANG_WARN_SUSPICIOUS_MOVE = YES;
				CLANG_WARN_UNGUARDED_AVAILABILITY = YES_AGGRESSIVE;
				CLANG_WARN_UNREACHABLE_CODE = YES;
				CLANG_WARN__DUPLICATE_METHOD_MATCH = YES;
				COPY_PHASE_STRIP = NO;
				DEBUG_INFORMATION_FORMAT = dwarf;
				ENABLE_STRICT_OBJC_MSGSEND = YES;
				ENABLE_TESTABILITY = YES;
				GCC_C_LANGUAGE_STANDARD = gnu11;
				GCC_DYNAMIC_NO_PIC = NO;
				GCC_NO_COMMON_BLOCKS = YES;
				GCC_OPTIMIZATION_LEVEL = 0;
				GCC_PREPROCESSOR_DEFINITIONS = (
					"DEBUG=1",
					"$(inherited)",
				);
				GCC_WARN_64_TO_32_BIT_CONVERSION = YES;
				GCC_WARN_ABOUT_RETURN_TYPE = YES_ERROR;
				GCC_WARN_UNDECLARED_SELECTOR = YES;
				GCC_WARN_UNINITIALIZED_AUTOS = YES_AGGRESSIVE;
				GCC_WARN_UNUSED_FUNCTION = YES;
				GCC_WARN_UNUSED_VARIABLE = YES;
				IPHONEOS_DEPLOYMENT_TARGET = 15.4;
				MTL_ENABLE_DEBUG_INFO = INCLUDE_SOURCE;
				MTL_FAST_MATH = YES;
				ONLY_ACTIVE_ARCH = YES;
				SDKROOT = iphoneos;
				SWIFT_ACTIVE_COMPILATION_CONDITIONS = DEBUG;
				SWIFT_OPTIMIZATION_LEVEL = "-Onone";
			};
			name = Debug;
		};
		A6D441BD28927EBE0084AF8A /* Release */ = {
			isa = XCBuildConfiguration;
			buildSettings = {
				ALWAYS_SEARCH_USER_PATHS = NO;
				CLANG_ANALYZER_NONNULL = YES;
				CLANG_ANALYZER_NUMBER_OBJECT_CONVERSION = YES_AGGRESSIVE;
				CLANG_CXX_LANGUAGE_STANDARD = "gnu++17";
				CLANG_ENABLE_MODULES = YES;
				CLANG_ENABLE_OBJC_ARC = YES;
				CLANG_ENABLE_OBJC_WEAK = YES;
				CLANG_WARN_BLOCK_CAPTURE_AUTORELEASING = YES;
				CLANG_WARN_BOOL_CONVERSION = YES;
				CLANG_WARN_COMMA = YES;
				CLANG_WARN_CONSTANT_CONVERSION = YES;
				CLANG_WARN_DEPRECATED_OBJC_IMPLEMENTATIONS = YES;
				CLANG_WARN_DIRECT_OBJC_ISA_USAGE = YES_ERROR;
				CLANG_WARN_DOCUMENTATION_COMMENTS = YES;
				CLANG_WARN_EMPTY_BODY = YES;
				CLANG_WARN_ENUM_CONVERSION = YES;
				CLANG_WARN_INFINITE_RECURSION = YES;
				CLANG_WARN_INT_CONVERSION = YES;
				CLANG_WARN_NON_LITERAL_NULL_CONVERSION = YES;
				CLANG_WARN_OBJC_IMPLICIT_RETAIN_SELF = YES;
				CLANG_WARN_OBJC_LITERAL_CONVERSION = YES;
				CLANG_WARN_OBJC_ROOT_CLASS = YES_ERROR;
				CLANG_WARN_QUOTED_INCLUDE_IN_FRAMEWORK_HEADER = YES;
				CLANG_WARN_RANGE_LOOP_ANALYSIS = YES;
				CLANG_WARN_STRICT_PROTOTYPES = YES;
				CLANG_WARN_SUSPICIOUS_MOVE = YES;
				CLANG_WARN_UNGUARDED_AVAILABILITY = YES_AGGRESSIVE;
				CLANG_WARN_UNREACHABLE_CODE = YES;
				CLANG_WARN__DUPLICATE_METHOD_MATCH = YES;
				COPY_PHASE_STRIP = NO;
				DEBUG_INFORMATION_FORMAT = "dwarf-with-dsym";
				ENABLE_NS_ASSERTIONS = NO;
				ENABLE_STRICT_OBJC_MSGSEND = YES;
				GCC_C_LANGUAGE_STANDARD = gnu11;
				GCC_NO_COMMON_BLOCKS = YES;
				GCC_WARN_64_TO_32_BIT_CONVERSION = YES;
				GCC_WARN_ABOUT_RETURN_TYPE = YES_ERROR;
				GCC_WARN_UNDECLARED_SELECTOR = YES;
				GCC_WARN_UNINITIALIZED_AUTOS = YES_AGGRESSIVE;
				GCC_WARN_UNUSED_FUNCTION = YES;
				GCC_WARN_UNUSED_VARIABLE = YES;
				IPHONEOS_DEPLOYMENT_TARGET = 15.4;
				MTL_ENABLE_DEBUG_INFO = NO;
				MTL_FAST_MATH = YES;
				SDKROOT = iphoneos;
				SWIFT_COMPILATION_MODE = wholemodule;
				SWIFT_OPTIMIZATION_LEVEL = "-O";
				VALIDATE_PRODUCT = YES;
			};
			name = Release;
		};
		A6D441BF28927EBE0084AF8A /* Debug */ = {
			isa = XCBuildConfiguration;
			buildSettings = {
				ASSETCATALOG_COMPILER_APPICON_NAME = AppIcon;
				ASSETCATALOG_COMPILER_GLOBAL_ACCENT_COLOR_NAME = AccentColor;
				CODE_SIGN_STYLE = Automatic;
				CURRENT_PROJECT_VERSION = 1;
				DEVELOPMENT_ASSET_PATHS = "\"Arambyeol/Preview Content\"";
				DEVELOPMENT_TEAM = XTZ6W4677Z;
				ENABLE_PREVIEWS = YES;
				GENERATE_INFOPLIST_FILE = YES;
				INFOPLIST_KEY_UIApplicationSceneManifest_Generation = YES;
				INFOPLIST_KEY_UIApplicationSupportsIndirectInputEvents = YES;
				INFOPLIST_KEY_UILaunchScreen_Generation = YES;
				INFOPLIST_KEY_UISupportedInterfaceOrientations_iPad = "UIInterfaceOrientationPortrait UIInterfaceOrientationPortraitUpsideDown UIInterfaceOrientationLandscapeLeft UIInterfaceOrientationLandscapeRight";
				INFOPLIST_KEY_UISupportedInterfaceOrientations_iPhone = "UIInterfaceOrientationPortrait UIInterfaceOrientationLandscapeLeft UIInterfaceOrientationLandscapeRight";
				LD_RUNPATH_SEARCH_PATHS = (
					"$(inherited)",
					"@executable_path/Frameworks",
				);
				MARKETING_VERSION = 1.0;
				PRODUCT_BUNDLE_IDENTIFIER = programminglanguage.Arambyeol;
				PRODUCT_NAME = "$(TARGET_NAME)";
				SWIFT_EMIT_LOC_STRINGS = YES;
				SWIFT_VERSION = 5.0;
				TARGETED_DEVICE_FAMILY = "1,2";
			};
			name = Debug;
		};
		A6D441C028927EBE0084AF8A /* Release */ = {
			isa = XCBuildConfiguration;
			buildSettings = {
				ASSETCATALOG_COMPILER_APPICON_NAME = AppIcon;
				ASSETCATALOG_COMPILER_GLOBAL_ACCENT_COLOR_NAME = AccentColor;
				CODE_SIGN_STYLE = Automatic;
				CURRENT_PROJECT_VERSION = 1;
				DEVELOPMENT_ASSET_PATHS = "\"Arambyeol/Preview Content\"";
				DEVELOPMENT_TEAM = XTZ6W4677Z;
				ENABLE_PREVIEWS = YES;
				GENERATE_INFOPLIST_FILE = YES;
				INFOPLIST_KEY_UIApplicationSceneManifest_Generation = YES;
				INFOPLIST_KEY_UIApplicationSupportsIndirectInputEvents = YES;
				INFOPLIST_KEY_UILaunchScreen_Generation = YES;
				INFOPLIST_KEY_UISupportedInterfaceOrientations_iPad = "UIInterfaceOrientationPortrait UIInterfaceOrientationPortraitUpsideDown UIInterfaceOrientationLandscapeLeft UIInterfaceOrientationLandscapeRight";
				INFOPLIST_KEY_UISupportedInterfaceOrientations_iPhone = "UIInterfaceOrientationPortrait UIInterfaceOrientationLandscapeLeft UIInterfaceOrientationLandscapeRight";
				LD_RUNPATH_SEARCH_PATHS = (
					"$(inherited)",
					"@executable_path/Frameworks",
				);
				MARKETING_VERSION = 1.0;
				PRODUCT_BUNDLE_IDENTIFIER = programminglanguage.Arambyeol;
				PRODUCT_NAME = "$(TARGET_NAME)";
				SWIFT_EMIT_LOC_STRINGS = YES;
				SWIFT_VERSION = 5.0;
				TARGETED_DEVICE_FAMILY = "1,2";
			};
			name = Release;
		};
		A6D441C228927EBE0084AF8A /* Debug */ = {
			isa = XCBuildConfiguration;
			buildSettings = {
				ALWAYS_EMBED_SWIFT_STANDARD_LIBRARIES = YES;
				BUNDLE_LOADER = "$(TEST_HOST)";
				CODE_SIGN_STYLE = Automatic;
				CURRENT_PROJECT_VERSION = 1;
				DEVELOPMENT_TEAM = XTZ6W4677Z;
				GENERATE_INFOPLIST_FILE = YES;
				IPHONEOS_DEPLOYMENT_TARGET = 15.4;
				MARKETING_VERSION = 1.0;
				PRODUCT_BUNDLE_IDENTIFIER = programminglanguage.ArambyeolTests;
				PRODUCT_NAME = "$(TARGET_NAME)";
				SWIFT_EMIT_LOC_STRINGS = NO;
				SWIFT_VERSION = 5.0;
				TARGETED_DEVICE_FAMILY = "1,2";
				TEST_HOST = "$(BUILT_PRODUCTS_DIR)/Arambyeol.app/Arambyeol";
			};
			name = Debug;
		};
		A6D441C328927EBE0084AF8A /* Release */ = {
			isa = XCBuildConfiguration;
			buildSettings = {
				ALWAYS_EMBED_SWIFT_STANDARD_LIBRARIES = YES;
				BUNDLE_LOADER = "$(TEST_HOST)";
				CODE_SIGN_STYLE = Automatic;
				CURRENT_PROJECT_VERSION = 1;
				DEVELOPMENT_TEAM = XTZ6W4677Z;
				GENERATE_INFOPLIST_FILE = YES;
				IPHONEOS_DEPLOYMENT_TARGET = 15.4;
				MARKETING_VERSION = 1.0;
				PRODUCT_BUNDLE_IDENTIFIER = programminglanguage.ArambyeolTests;
				PRODUCT_NAME = "$(TARGET_NAME)";
				SWIFT_EMIT_LOC_STRINGS = NO;
				SWIFT_VERSION = 5.0;
				TARGETED_DEVICE_FAMILY = "1,2";
				TEST_HOST = "$(BUILT_PRODUCTS_DIR)/Arambyeol.app/Arambyeol";
			};
			name = Release;
		};
		A6D441C528927EBE0084AF8A /* Debug */ = {
			isa = XCBuildConfiguration;
			buildSettings = {
				ALWAYS_EMBED_SWIFT_STANDARD_LIBRARIES = YES;
				CODE_SIGN_STYLE = Automatic;
				CURRENT_PROJECT_VERSION = 1;
				DEVELOPMENT_TEAM = XTZ6W4677Z;
				GENERATE_INFOPLIST_FILE = YES;
				MARKETING_VERSION = 1.0;
				PRODUCT_BUNDLE_IDENTIFIER = programminglanguage.ArambyeolUITests;
				PRODUCT_NAME = "$(TARGET_NAME)";
				SWIFT_EMIT_LOC_STRINGS = NO;
				SWIFT_VERSION = 5.0;
				TARGETED_DEVICE_FAMILY = "1,2";
				TEST_TARGET_NAME = Arambyeol;
			};
			name = Debug;
		};
		A6D441C628927EBE0084AF8A /* Release */ = {
			isa = XCBuildConfiguration;
			buildSettings = {
				ALWAYS_EMBED_SWIFT_STANDARD_LIBRARIES = YES;
				CODE_SIGN_STYLE = Automatic;
				CURRENT_PROJECT_VERSION = 1;
				DEVELOPMENT_TEAM = XTZ6W4677Z;
				GENERATE_INFOPLIST_FILE = YES;
				MARKETING_VERSION = 1.0;
				PRODUCT_BUNDLE_IDENTIFIER = programminglanguage.ArambyeolUITests;
				PRODUCT_NAME = "$(TARGET_NAME)";
				SWIFT_EMIT_LOC_STRINGS = NO;
				SWIFT_VERSION = 5.0;
				TARGETED_DEVICE_FAMILY = "1,2";
				TEST_TARGET_NAME = Arambyeol;
			};
			name = Release;
		};
/* End XCBuildConfiguration section */

/* Begin XCConfigurationList section */
		A6D4419028927EBD0084AF8A /* Build configuration list for PBXProject "Arambyeol" */ = {
			isa = XCConfigurationList;
			buildConfigurations = (
				A6D441BC28927EBE0084AF8A /* Debug */,
				A6D441BD28927EBE0084AF8A /* Release */,
			);
			defaultConfigurationIsVisible = 0;
			defaultConfigurationName = Release;
		};
		A6D441BE28927EBE0084AF8A /* Build configuration list for PBXNativeTarget "Arambyeol" */ = {
			isa = XCConfigurationList;
			buildConfigurations = (
				A6D441BF28927EBE0084AF8A /* Debug */,
				A6D441C028927EBE0084AF8A /* Release */,
			);
			defaultConfigurationIsVisible = 0;
			defaultConfigurationName = Release;
		};
		A6D441C128927EBE0084AF8A /* Build configuration list for PBXNativeTarget "ArambyeolTests" */ = {
			isa = XCConfigurationList;
			buildConfigurations = (
				A6D441C228927EBE0084AF8A /* Debug */,
				A6D441C328927EBE0084AF8A /* Release */,
			);
			defaultConfigurationIsVisible = 0;
			defaultConfigurationName = Release;
		};
		A6D441C428927EBE0084AF8A /* Build configuration list for PBXNativeTarget "ArambyeolUITests" */ = {
			isa = XCConfigurationList;
			buildConfigurations = (
				A6D441C528927EBE0084AF8A /* Debug */,
				A6D441C628927EBE0084AF8A /* Release */,
			);
			defaultConfigurationIsVisible = 0;
			defaultConfigurationName = Release;
		};
/* End XCConfigurationList section */

/* Begin XCVersionGroup section */
		A6D441A328927EBE0084AF8A /* Arambyeol.xcdatamodeld */ = {
			isa = XCVersionGroup;
			children = (
				A6D441A428927EBE0084AF8A /* Arambyeol.xcdatamodel */,
			);
			currentVersion = A6D441A428927EBE0084AF8A /* Arambyeol.xcdatamodel */;
			path = Arambyeol.xcdatamodeld;
			sourceTree = "<group>";
			versionGroupType = wrapper.xcdatamodel;
		};
/* End XCVersionGroup section */
	};
	rootObject = A6D4418D28927EBD0084AF8A /* Project object */;
}
